
Microsoft Visual Studio Solution File, Format Version 12.00
# Visual Studio Version 17
VisualStudioVersion = 17.3.32819.101
MinimumVisualStudioVersion = 10.0.40219.1
Project("{9A19103F-16F7-4668-BE54-9A1E7A4F7556}") = "WorldWarperBalancer", "WorldWarperBalancer.csproj", "{CAA7A933-71B4-4A7E-970B-A9D5C371CBCB}"
EndProject
Global
	GlobalSection(SolutionConfigurationPlatforms) = preSolution
		Debug|Any CPU = Debug|Any CPU
		Release|Any CPU = Release|Any CPU
	EndGlobalSection
	GlobalSection(ProjectConfigurationPlatforms) = postSolution
		{CAA7A933-71B4-4A7E-970B-A9D5C371CBCB}.Debug|Any CPU.ActiveCfg = Debug|Any CPU
		{CAA7A933-71B4-4A7E-970B-A9D5C371CBCB}.Debug|Any CPU.Build.0 = Debug|Any CPU
		{CAA7A933-71B4-4A7E-970B-A9D5C371CBCB}.Release|Any CPU.ActiveCfg = Release|Any CPU
		{CAA7A933-71B4-4A7E-970B-A9D5C371CBCB}.Release|Any CPU.Build.0 = Release|Any CPU
	EndGlobalSection
	GlobalSection(SolutionProperties) = preSolution
		HideSolutionNode = FALSE
	EndGlobalSection
	GlobalSection(ExtensibilityGlobals) = postSolution
		SolutionGuid = {DA1201E8-70D0-44D4-B302-2B54765CD317}
	EndGlobalSection
EndGlobal
